// !$*UTF8*$!
{
	archiveVersion = 1;
	classes = {
	};
	objectVersion = 46;
	objects = {

/* Begin PBXBuildFile section */
		3013210D1A0803E500EA6752 /* CollectionViewExampleVC.m in Sources */ = {isa = PBXBuildFile; fileRef = 3013210C1A0803E500EA6752 /* CollectionViewExampleVC.m */; };
		301321111A080A8C00EA6752 /* AutoLayoutCollectCell.m in Sources */ = {isa = PBXBuildFile; fileRef = 301321101A080A8C00EA6752 /* AutoLayoutCollectCell.m */; };
		30AE287319FABBE600BE5663 /* Foundation.framework in Frameworks */ = {isa = PBXBuildFile; fileRef = 30AE287219FABBE600BE5663 /* Foundation.framework */; };
		30AE287519FABBE600BE5663 /* CoreGraphics.framework in Frameworks */ = {isa = PBXBuildFile; fileRef = 30AE287419FABBE600BE5663 /* CoreGraphics.framework */; };
		30AE287719FABBE600BE5663 /* UIKit.framework in Frameworks */ = {isa = PBXBuildFile; fileRef = 30AE287619FABBE600BE5663 /* UIKit.framework */; };
		30AE287D19FABBE600BE5663 /* InfoPlist.strings in Resources */ = {isa = PBXBuildFile; fileRef = 30AE287B19FABBE600BE5663 /* InfoPlist.strings */; };
		30AE287F19FABBE600BE5663 /* main.m in Sources */ = {isa = PBXBuildFile; fileRef = 30AE287E19FABBE600BE5663 /* main.m */; };
		30AE288319FABBE600BE5663 /* AppDelegate.m in Sources */ = {isa = PBXBuildFile; fileRef = 30AE288219FABBE600BE5663 /* AppDelegate.m */; };
		30AE288C19FABBE600BE5663 /* ScrollViewExampleVC.m in Sources */ = {isa = PBXBuildFile; fileRef = 30AE288B19FABBE600BE5663 /* ScrollViewExampleVC.m */; };
		30AE288E19FABBE600BE5663 /* Images.xcassets in Resources */ = {isa = PBXBuildFile; fileRef = 30AE288D19FABBE600BE5663 /* Images.xcassets */; };
		30AE289519FABBE600BE5663 /* XCTest.framework in Frameworks */ = {isa = PBXBuildFile; fileRef = 30AE289419FABBE600BE5663 /* XCTest.framework */; };
		30AE289619FABBE600BE5663 /* Foundation.framework in Frameworks */ = {isa = PBXBuildFile; fileRef = 30AE287219FABBE600BE5663 /* Foundation.framework */; };
		30AE289719FABBE600BE5663 /* UIKit.framework in Frameworks */ = {isa = PBXBuildFile; fileRef = 30AE287619FABBE600BE5663 /* UIKit.framework */; };
		30AE289F19FABBE600BE5663 /* InfoPlist.strings in Resources */ = {isa = PBXBuildFile; fileRef = 30AE289D19FABBE600BE5663 /* InfoPlist.strings */; };
		30AE28A119FABBE600BE5663 /* AutoLayoutTestsTests.m in Sources */ = {isa = PBXBuildFile; fileRef = 30AE28A019FABBE600BE5663 /* AutoLayoutTestsTests.m */; };
		30CAC55019FEDF0B00640B02 /* MenuVC.m in Sources */ = {isa = PBXBuildFile; fileRef = 30CAC54F19FEDF0B00640B02 /* MenuVC.m */; };
		30F3944419FFCBA4008629BE /* TableViewExampleVC.m in Sources */ = {isa = PBXBuildFile; fileRef = 30F3944319FFCBA4008629BE /* TableViewExampleVC.m */; };
		30F3944919FFD6C7008629BE /* AutoLayoutCell.m in Sources */ = {isa = PBXBuildFile; fileRef = 30F3944719FFD6C7008629BE /* AutoLayoutCell.m */; };
		30F3944E1A000418008629BE /* SizeClassExampleVC.m in Sources */ = {isa = PBXBuildFile; fileRef = 30F3944C1A000418008629BE /* SizeClassExampleVC.m */; };
		30F3944F1A000418008629BE /* SizeClassExampleVC.xib in Resources */ = {isa = PBXBuildFile; fileRef = 30F3944D1A000418008629BE /* SizeClassExampleVC.xib */; };
		358F2998606BC83872613BE5 /* libPods.a in Frameworks */ = {isa = PBXBuildFile; fileRef = 3B1ED38C3CA7A87D2B62A8EB /* libPods.a */; };
/* End PBXBuildFile section */

/* Begin PBXContainerItemProxy section */
		30AE289819FABBE600BE5663 /* PBXContainerItemProxy */ = {
			isa = PBXContainerItemProxy;
			containerPortal = 30AE286719FABBE600BE5663 /* Project object */;
			proxyType = 1;
			remoteGlobalIDString = 30AE286E19FABBE600BE5663;
			remoteInfo = AutoLayoutTests;
		};
/* End PBXContainerItemProxy section */

/* Begin PBXFileReference section */
		3013210B1A0803E500EA6752 /* CollectionViewExampleVC.h */ = {isa = PBXFileReference; fileEncoding = 4; lastKnownFileType = sourcecode.c.h; name = CollectionViewExampleVC.h; path = ViewController/CollectionViewExampleVC.h; sourceTree = "<group>"; };
		3013210C1A0803E500EA6752 /* CollectionViewExampleVC.m */ = {isa = PBXFileReference; fileEncoding = 4; lastKnownFileType = sourcecode.c.objc; name = CollectionViewExampleVC.m; path = ViewController/CollectionViewExampleVC.m; sourceTree = "<group>"; };
		3013210F1A080A8C00EA6752 /* AutoLayoutCollectCell.h */ = {isa = PBXFileReference; fileEncoding = 4; lastKnownFileType = sourcecode.c.h; name = AutoLayoutCollectCell.h; path = Cells/AutoLayoutCollectCell.h; sourceTree = "<group>"; };
		301321101A080A8C00EA6752 /* AutoLayoutCollectCell.m */ = {isa = PBXFileReference; fileEncoding = 4; lastKnownFileType = sourcecode.c.objc; name = AutoLayoutCollectCell.m; path = Cells/AutoLayoutCollectCell.m; sourceTree = "<group>"; };
		30AE286F19FABBE600BE5663 /* AutoLayoutTests.app */ = {isa = PBXFileReference; explicitFileType = wrapper.application; includeInIndex = 0; path = AutoLayoutTests.app; sourceTree = BUILT_PRODUCTS_DIR; };
		30AE287219FABBE600BE5663 /* Foundation.framework */ = {isa = PBXFileReference; lastKnownFileType = wrapper.framework; name = Foundation.framework; path = System/Library/Frameworks/Foundation.framework; sourceTree = SDKROOT; };
		30AE287419FABBE600BE5663 /* CoreGraphics.framework */ = {isa = PBXFileReference; lastKnownFileType = wrapper.framework; name = CoreGraphics.framework; path = System/Library/Frameworks/CoreGraphics.framework; sourceTree = SDKROOT; };
		30AE287619FABBE600BE5663 /* UIKit.framework */ = {isa = PBXFileReference; lastKnownFileType = wrapper.framework; name = UIKit.framework; path = System/Library/Frameworks/UIKit.framework; sourceTree = SDKROOT; };
		30AE287A19FABBE600BE5663 /* AutoLayoutTests-Info.plist */ = {isa = PBXFileReference; lastKnownFileType = text.plist.xml; path = "AutoLayoutTests-Info.plist"; sourceTree = "<group>"; };
		30AE287C19FABBE600BE5663 /* en */ = {isa = PBXFileReference; lastKnownFileType = text.plist.strings; name = en; path = en.lproj/InfoPlist.strings; sourceTree = "<group>"; };
		30AE287E19FABBE600BE5663 /* main.m */ = {isa = PBXFileReference; lastKnownFileType = sourcecode.c.objc; path = main.m; sourceTree = "<group>"; };
		30AE288019FABBE600BE5663 /* AutoLayoutTests-Prefix.pch */ = {isa = PBXFileReference; lastKnownFileType = sourcecode.c.h; path = "AutoLayoutTests-Prefix.pch"; sourceTree = "<group>"; };
		30AE288119FABBE600BE5663 /* AppDelegate.h */ = {isa = PBXFileReference; lastKnownFileType = sourcecode.c.h; name = AppDelegate.h; path = AutoLayoutTests/AppDelegate.h; sourceTree = "<group>"; };
		30AE288219FABBE600BE5663 /* AppDelegate.m */ = {isa = PBXFileReference; lastKnownFileType = sourcecode.c.objc; name = AppDelegate.m; path = AutoLayoutTests/AppDelegate.m; sourceTree = "<group>"; };
		30AE288A19FABBE600BE5663 /* ScrollViewExampleVC.h */ = {isa = PBXFileReference; lastKnownFileType = sourcecode.c.h; path = ScrollViewExampleVC.h; sourceTree = "<group>"; };
		30AE288B19FABBE600BE5663 /* ScrollViewExampleVC.m */ = {isa = PBXFileReference; lastKnownFileType = sourcecode.c.objc; path = ScrollViewExampleVC.m; sourceTree = "<group>"; };
		30AE288D19FABBE600BE5663 /* Images.xcassets */ = {isa = PBXFileReference; lastKnownFileType = folder.assetcatalog; path = Images.xcassets; sourceTree = "<group>"; };
		30AE289319FABBE600BE5663 /* AutoLayoutTestsTests.xctest */ = {isa = PBXFileReference; explicitFileType = wrapper.cfbundle; includeInIndex = 0; path = AutoLayoutTestsTests.xctest; sourceTree = BUILT_PRODUCTS_DIR; };
		30AE289419FABBE600BE5663 /* XCTest.framework */ = {isa = PBXFileReference; lastKnownFileType = wrapper.framework; name = XCTest.framework; path = Library/Frameworks/XCTest.framework; sourceTree = DEVELOPER_DIR; };
		30AE289C19FABBE600BE5663 /* AutoLayoutTestsTests-Info.plist */ = {isa = PBXFileReference; lastKnownFileType = text.plist.xml; path = "AutoLayoutTestsTests-Info.plist"; sourceTree = "<group>"; };
		30AE289E19FABBE600BE5663 /* en */ = {isa = PBXFileReference; lastKnownFileType = text.plist.strings; name = en; path = en.lproj/InfoPlist.strings; sourceTree = "<group>"; };
		30AE28A019FABBE600BE5663 /* AutoLayoutTestsTests.m */ = {isa = PBXFileReference; lastKnownFileType = sourcecode.c.objc; path = AutoLayoutTestsTests.m; sourceTree = "<group>"; };
		30CAC54E19FEDF0B00640B02 /* MenuVC.h */ = {isa = PBXFileReference; fileEncoding = 4; lastKnownFileType = sourcecode.c.h; name = MenuVC.h; path = ViewController/MenuVC.h; sourceTree = "<group>"; };
		30CAC54F19FEDF0B00640B02 /* MenuVC.m */ = {isa = PBXFileReference; fileEncoding = 4; lastKnownFileType = sourcecode.c.objc; name = MenuVC.m; path = ViewController/MenuVC.m; sourceTree = "<group>"; };
		30F3944219FFCBA4008629BE /* TableViewExampleVC.h */ = {isa = PBXFileReference; fileEncoding = 4; lastKnownFileType = sourcecode.c.h; name = TableViewExampleVC.h; path = ViewController/TableViewExampleVC.h; sourceTree = "<group>"; };
		30F3944319FFCBA4008629BE /* TableViewExampleVC.m */ = {isa = PBXFileReference; fileEncoding = 4; lastKnownFileType = sourcecode.c.objc; name = TableViewExampleVC.m; path = ViewController/TableViewExampleVC.m; sourceTree = "<group>"; };
		30F3944619FFD6C7008629BE /* AutoLayoutCell.h */ = {isa = PBXFileReference; fileEncoding = 4; lastKnownFileType = sourcecode.c.h; name = AutoLayoutCell.h; path = Cells/AutoLayoutCell.h; sourceTree = "<group>"; };
		30F3944719FFD6C7008629BE /* AutoLayoutCell.m */ = {isa = PBXFileReference; fileEncoding = 4; lastKnownFileType = sourcecode.c.objc; name = AutoLayoutCell.m; path = Cells/AutoLayoutCell.m; sourceTree = "<group>"; };
		30F3944B1A000418008629BE /* SizeClassExampleVC.h */ = {isa = PBXFileReference; fileEncoding = 4; lastKnownFileType = sourcecode.c.h; name = SizeClassExampleVC.h; path = ViewController/SizeClassExampleVC.h; sourceTree = "<group>"; };
		30F3944C1A000418008629BE /* SizeClassExampleVC.m */ = {isa = PBXFileReference; fileEncoding = 4; lastKnownFileType = sourcecode.c.objc; name = SizeClassExampleVC.m; path = ViewController/SizeClassExampleVC.m; sourceTree = "<group>"; };
		30F3944D1A000418008629BE /* SizeClassExampleVC.xib */ = {isa = PBXFileReference; fileEncoding = 4; lastKnownFileType = file.xib; name = SizeClassExampleVC.xib; path = ViewController/SizeClassExampleVC.xib; sourceTree = "<group>"; };
		3B1ED38C3CA7A87D2B62A8EB /* libPods.a */ = {isa = PBXFileReference; explicitFileType = archive.ar; includeInIndex = 0; path = libPods.a; sourceTree = BUILT_PRODUCTS_DIR; };
		87E0E6EB607F60FBF42060B1 /* Pods.release.xcconfig */ = {isa = PBXFileReference; includeInIndex = 1; lastKnownFileType = text.xcconfig; name = Pods.release.xcconfig; path = "Pods/Target Support Files/Pods/Pods.release.xcconfig"; sourceTree = "<group>"; };
		A56EC09CEE0916975C00BBEF /* Pods.debug.xcconfig */ = {isa = PBXFileReference; includeInIndex = 1; lastKnownFileType = text.xcconfig; name = Pods.debug.xcconfig; path = "Pods/Target Support Files/Pods/Pods.debug.xcconfig"; sourceTree = "<group>"; };
/* End PBXFileReference section */

/* Begin PBXFrameworksBuildPhase section */
		30AE286C19FABBE600BE5663 /* Frameworks */ = {
			isa = PBXFrameworksBuildPhase;
			buildActionMask = 2147483647;
			files = (
				30AE287519FABBE600BE5663 /* CoreGraphics.framework in Frameworks */,
				30AE287719FABBE600BE5663 /* UIKit.framework in Frameworks */,
				30AE287319FABBE600BE5663 /* Foundation.framework in Frameworks */,
				358F2998606BC83872613BE5 /* libPods.a in Frameworks */,
			);
			runOnlyForDeploymentPostprocessing = 0;
		};
		30AE289019FABBE600BE5663 /* Frameworks */ = {
			isa = PBXFrameworksBuildPhase;
			buildActionMask = 2147483647;
			files = (
				30AE289519FABBE600BE5663 /* XCTest.framework in Frameworks */,
				30AE289719FABBE600BE5663 /* UIKit.framework in Frameworks */,
				30AE289619FABBE600BE5663 /* Foundation.framework in Frameworks */,
			);
			runOnlyForDeploymentPostprocessing = 0;
		};
/* End PBXFrameworksBuildPhase section */

/* Begin PBXGroup section */
		3013210E1A0803ED00EA6752 /* CollectionViewExample */ = {
			isa = PBXGroup;
			children = (
				3013210B1A0803E500EA6752 /* CollectionViewExampleVC.h */,
				3013210C1A0803E500EA6752 /* CollectionViewExampleVC.m */,
				3013210F1A080A8C00EA6752 /* AutoLayoutCollectCell.h */,
				301321101A080A8C00EA6752 /* AutoLayoutCollectCell.m */,
			);
			name = CollectionViewExample;
			sourceTree = "<group>";
		};
		30AE286619FABBE600BE5663 = {
			isa = PBXGroup;
			children = (
				30AE287819FABBE600BE5663 /* AutoLayoutTests */,
				30AE288119FABBE600BE5663 /* AppDelegate.h */,
				30AE288219FABBE600BE5663 /* AppDelegate.m */,
				30AE289A19FABBE600BE5663 /* AutoLayoutTestsTests */,
				30AE287119FABBE600BE5663 /* Frameworks */,
				30AE287019FABBE600BE5663 /* Products */,
				B872800FF0831C99F9641723 /* Pods */,
			);
			sourceTree = "<group>";
		};
		30AE287019FABBE600BE5663 /* Products */ = {
			isa = PBXGroup;
			children = (
				30AE286F19FABBE600BE5663 /* AutoLayoutTests.app */,
				30AE289319FABBE600BE5663 /* AutoLayoutTestsTests.xctest */,
			);
			name = Products;
			sourceTree = "<group>";
		};
		30AE287119FABBE600BE5663 /* Frameworks */ = {
			isa = PBXGroup;
			children = (
				30AE287219FABBE600BE5663 /* Foundation.framework */,
				30AE287419FABBE600BE5663 /* CoreGraphics.framework */,
				30AE287619FABBE600BE5663 /* UIKit.framework */,
				30AE289419FABBE600BE5663 /* XCTest.framework */,
				3B1ED38C3CA7A87D2B62A8EB /* libPods.a */,
			);
			name = Frameworks;
			sourceTree = "<group>";
		};
		30AE287819FABBE600BE5663 /* AutoLayoutTests */ = {
			isa = PBXGroup;
			children = (
				3013210E1A0803ED00EA6752 /* CollectionViewExample */,
				30F394501A000762008629BE /* ScrollViewExample */,
				30F394521A00078A008629BE /* SizeClassExample */,
				30F394511A000770008629BE /* TableViewExample */,
				30CAC54E19FEDF0B00640B02 /* MenuVC.h */,
				30CAC54F19FEDF0B00640B02 /* MenuVC.m */,
				30AE288D19FABBE600BE5663 /* Images.xcassets */,
				30AE287919FABBE600BE5663 /* Supporting Files */,
			);
			path = AutoLayoutTests;
			sourceTree = "<group>";
		};
		30AE287919FABBE600BE5663 /* Supporting Files */ = {
			isa = PBXGroup;
			children = (
				30AE287A19FABBE600BE5663 /* AutoLayoutTests-Info.plist */,
				30AE287B19FABBE600BE5663 /* InfoPlist.strings */,
				30AE287E19FABBE600BE5663 /* main.m */,
				30AE288019FABBE600BE5663 /* AutoLayoutTests-Prefix.pch */,
			);
			name = "Supporting Files";
			sourceTree = "<group>";
		};
		30AE289A19FABBE600BE5663 /* AutoLayoutTestsTests */ = {
			isa = PBXGroup;
			children = (
				30AE28A019FABBE600BE5663 /* AutoLayoutTestsTests.m */,
				30AE289B19FABBE600BE5663 /* Supporting Files */,
			);
			path = AutoLayoutTestsTests;
			sourceTree = "<group>";
		};
		30AE289B19FABBE600BE5663 /* Supporting Files */ = {
			isa = PBXGroup;
			children = (
				30AE289C19FABBE600BE5663 /* AutoLayoutTestsTests-Info.plist */,
				30AE289D19FABBE600BE5663 /* InfoPlist.strings */,
			);
			name = "Supporting Files";
			sourceTree = "<group>";
		};
		30F394501A000762008629BE /* ScrollViewExample */ = {
			isa = PBXGroup;
			children = (
				30AE288A19FABBE600BE5663 /* ScrollViewExampleVC.h */,
				30AE288B19FABBE600BE5663 /* ScrollViewExampleVC.m */,
			);
			name = ScrollViewExample;
			sourceTree = "<group>";
		};
		30F394511A000770008629BE /* TableViewExample */ = {
			isa = PBXGroup;
			children = (
				30F3944219FFCBA4008629BE /* TableViewExampleVC.h */,
				30F3944319FFCBA4008629BE /* TableViewExampleVC.m */,
				30F3944619FFD6C7008629BE /* AutoLayoutCell.h */,
				30F3944719FFD6C7008629BE /* AutoLayoutCell.m */,
			);
			name = TableViewExample;
			sourceTree = "<group>";
		};
		30F394521A00078A008629BE /* SizeClassExample */ = {
			isa = PBXGroup;
			children = (
				30F3944B1A000418008629BE /* SizeClassExampleVC.h */,
				30F3944C1A000418008629BE /* SizeClassExampleVC.m */,
				30F3944D1A000418008629BE /* SizeClassExampleVC.xib */,
			);
			name = SizeClassExample;
			sourceTree = "<group>";
		};
		B872800FF0831C99F9641723 /* Pods */ = {
			isa = PBXGroup;
			children = (
				A56EC09CEE0916975C00BBEF /* Pods.debug.xcconfig */,
				87E0E6EB607F60FBF42060B1 /* Pods.release.xcconfig */,
			);
			name = Pods;
			sourceTree = "<group>";
		};
/* End PBXGroup section */

/* Begin PBXNativeTarget section */
		30AE286E19FABBE600BE5663 /* AutoLayoutTests */ = {
			isa = PBXNativeTarget;
			buildConfigurationList = 30AE28A419FABBE600BE5663 /* Build configuration list for PBXNativeTarget "AutoLayoutTests" */;
			buildPhases = (
				1FCCDBFB9B078C6D7CF0F7C6 /* Check Pods Manifest.lock */,
				30AE286B19FABBE600BE5663 /* Sources */,
				30AE286C19FABBE600BE5663 /* Frameworks */,
				30AE286D19FABBE600BE5663 /* Resources */,
				1072C2E72500BA244BE15BDE /* Copy Pods Resources */,
			);
			buildRules = (
			);
			dependencies = (
			);
			name = AutoLayoutTests;
			productName = AutoLayoutTests;
			productReference = 30AE286F19FABBE600BE5663 /* AutoLayoutTests.app */;
			productType = "com.apple.product-type.application";
		};
		30AE289219FABBE600BE5663 /* AutoLayoutTestsTests */ = {
			isa = PBXNativeTarget;
			buildConfigurationList = 30AE28A719FABBE600BE5663 /* Build configuration list for PBXNativeTarget "AutoLayoutTestsTests" */;
			buildPhases = (
				30AE288F19FABBE600BE5663 /* Sources */,
				30AE289019FABBE600BE5663 /* Frameworks */,
				30AE289119FABBE600BE5663 /* Resources */,
			);
			buildRules = (
			);
			dependencies = (
				30AE289919FABBE600BE5663 /* PBXTargetDependency */,
			);
			name = AutoLayoutTestsTests;
			productName = AutoLayoutTestsTests;
			productReference = 30AE289319FABBE600BE5663 /* AutoLayoutTestsTests.xctest */;
			productType = "com.apple.product-type.bundle.unit-test";
		};
/* End PBXNativeTarget section */

/* Begin PBXProject section */
		30AE286719FABBE600BE5663 /* Project object */ = {
			isa = PBXProject;
			attributes = {
				LastUpgradeCheck = 0510;
				ORGANIZATIONNAME = rgarchinsky;
				TargetAttributes = {
					30AE289219FABBE600BE5663 = {
						TestTargetID = 30AE286E19FABBE600BE5663;
					};
				};
			};
			buildConfigurationList = 30AE286A19FABBE600BE5663 /* Build configuration list for PBXProject "AutoLayoutTests" */;
			compatibilityVersion = "Xcode 3.2";
			developmentRegion = English;
			hasScannedForEncodings = 0;
			knownRegions = (
				en,
				Base,
			);
			mainGroup = 30AE286619FABBE600BE5663;
			productRefGroup = 30AE287019FABBE600BE5663 /* Products */;
			projectDirPath = "";
			projectRoot = "";
			targets = (
				30AE286E19FABBE600BE5663 /* AutoLayoutTests */,
				30AE289219FABBE600BE5663 /* AutoLayoutTestsTests */,
			);
		};
/* End PBXProject section */

/* Begin PBXResourcesBuildPhase section */
		30AE286D19FABBE600BE5663 /* Resources */ = {
			isa = PBXResourcesBuildPhase;
			buildActionMask = 2147483647;
			files = (
				30F3944F1A000418008629BE /* SizeClassExampleVC.xib in Resources */,
				30AE288E19FABBE600BE5663 /* Images.xcassets in Resources */,
				30AE287D19FABBE600BE5663 /* InfoPlist.strings in Resources */,
			);
			runOnlyForDeploymentPostprocessing = 0;
		};
		30AE289119FABBE600BE5663 /* Resources */ = {
			isa = PBXResourcesBuildPhase;
			buildActionMask = 2147483647;
			files = (
				30AE289F19FABBE600BE5663 /* InfoPlist.strings in Resources */,
			);
			runOnlyForDeploymentPostprocessing = 0;
		};
/* End PBXResourcesBuildPhase section */

/* Begin PBXShellScriptBuildPhase section */
		1072C2E72500BA244BE15BDE /* Copy Pods Resources */ = {
			isa = PBXShellScriptBuildPhase;
			buildActionMask = 2147483647;
			files = (
			);
			inputPaths = (
			);
			name = "Copy Pods Resources";
			outputPaths = (
			);
			runOnlyForDeploymentPostprocessing = 0;
			shellPath = /bin/sh;
			shellScript = "\"${SRCROOT}/Pods/Target Support Files/Pods/Pods-resources.sh\"\n";
			showEnvVarsInLog = 0;
		};
		1FCCDBFB9B078C6D7CF0F7C6 /* Check Pods Manifest.lock */ = {
			isa = PBXShellScriptBuildPhase;
			buildActionMask = 2147483647;
			files = (
			);
			inputPaths = (
			);
			name = "Check Pods Manifest.lock";
			outputPaths = (
			);
			runOnlyForDeploymentPostprocessing = 0;
			shellPath = /bin/sh;
			shellScript = "diff \"${PODS_ROOT}/../Podfile.lock\" \"${PODS_ROOT}/Manifest.lock\" > /dev/null\nif [[ $? != 0 ]] ; then\n    cat << EOM\nerror: The sandbox is not in sync with the Podfile.lock. Run 'pod install' or update your CocoaPods installation.\nEOM\n    exit 1\nfi\n";
			showEnvVarsInLog = 0;
		};
/* End PBXShellScriptBuildPhase section */

/* Begin PBXSourcesBuildPhase section */
		30AE286B19FABBE600BE5663 /* Sources */ = {
			isa = PBXSourcesBuildPhase;
			buildActionMask = 2147483647;
			files = (
				3013210D1A0803E500EA6752 /* CollectionViewExampleVC.m in Sources */,
				30F3944E1A000418008629BE /* SizeClassExampleVC.m in Sources */,
				30F3944919FFD6C7008629BE /* AutoLayoutCell.m in Sources */,
				301321111A080A8C00EA6752 /* AutoLayoutCollectCell.m in Sources */,
				30AE288C19FABBE600BE5663 /* ScrollViewExampleVC.m in Sources */,
				30CAC55019FEDF0B00640B02 /* MenuVC.m in Sources */,
				30F3944419FFCBA4008629BE /* TableViewExampleVC.m in Sources */,
				30AE288319FABBE600BE5663 /* AppDelegate.m in Sources */,
				30AE287F19FABBE600BE5663 /* main.m in Sources */,
			);
			runOnlyForDeploymentPostprocessing = 0;
		};
		30AE288F19FABBE600BE5663 /* Sources */ = {
			isa = PBXSourcesBuildPhase;
			buildActionMask = 2147483647;
			files = (
				30AE28A119FABBE600BE5663 /* AutoLayoutTestsTests.m in Sources */,
			);
			runOnlyForDeploymentPostprocessing = 0;
		};
/* End PBXSourcesBuildPhase section */

/* Begin PBXTargetDependency section */
		30AE289919FABBE600BE5663 /* PBXTargetDependency */ = {
			isa = PBXTargetDependency;
			target = 30AE286E19FABBE600BE5663 /* AutoLayoutTests */;
			targetProxy = 30AE289819FABBE600BE5663 /* PBXContainerItemProxy */;
		};
/* End PBXTargetDependency section */

/* Begin PBXVariantGroup section */
		30AE287B19FABBE600BE5663 /* InfoPlist.strings */ = {
			isa = PBXVariantGroup;
			children = (
				30AE287C19FABBE600BE5663 /* en */,
			);
			name = InfoPlist.strings;
			sourceTree = "<group>";
		};
		30AE289D19FABBE600BE5663 /* InfoPlist.strings */ = {
			isa = PBXVariantGroup;
			children = (
				30AE289E19FABBE600BE5663 /* en */,
			);
			name = InfoPlist.strings;
			sourceTree = "<group>";
		};
/* End PBXVariantGroup section */

/* Begin XCBuildConfiguration section */
		30AE28A219FABBE600BE5663 /* Debug */ = {
			isa = XCBuildConfiguration;
			buildSettings = {
				ALWAYS_SEARCH_USER_PATHS = NO;
				CLANG_CXX_LANGUAGE_STANDARD = "gnu++0x";
				CLANG_CXX_LIBRARY = "libc++";
				CLANG_ENABLE_MODULES = YES;
				CLANG_ENABLE_OBJC_ARC = YES;
				CLANG_WARN_BOOL_CONVERSION = YES;
				CLANG_WARN_CONSTANT_CONVERSION = YES;
				CLANG_WARN_DIRECT_OBJC_ISA_USAGE = YES_ERROR;
				CLANG_WARN_EMPTY_BODY = YES;
				CLANG_WARN_ENUM_CONVERSION = YES;
				CLANG_WARN_INT_CONVERSION = YES;
				CLANG_WARN_OBJC_ROOT_CLASS = YES_ERROR;
				CLANG_WARN__DUPLICATE_METHOD_MATCH = YES;
				"CODE_SIGN_IDENTITY[sdk=iphoneos*]" = "iPhone Developer";
				COPY_PHASE_STRIP = NO;
				GCC_C_LANGUAGE_STANDARD = gnu99;
				GCC_DYNAMIC_NO_PIC = NO;
				GCC_OPTIMIZATION_LEVEL = 0;
				GCC_PREPROCESSOR_DEFINITIONS = (
					"DEBUG=1",
					"$(inherited)",
				);
				GCC_SYMBOLS_PRIVATE_EXTERN = NO;
				GCC_WARN_64_TO_32_BIT_CONVERSION = YES;
				GCC_WARN_ABOUT_RETURN_TYPE = YES_ERROR;
				GCC_WARN_UNDECLARED_SELECTOR = YES;
				GCC_WARN_UNINITIALIZED_AUTOS = YES_AGGRESSIVE;
				GCC_WARN_UNUSED_FUNCTION = YES;
				GCC_WARN_UNUSED_VARIABLE = YES;
				IPHONEOS_DEPLOYMENT_TARGET = 7.1;
				ONLY_ACTIVE_ARCH = YES;
				SDKROOT = iphoneos;
				TARGETED_DEVICE_FAMILY = "1,2";
			};
			name = Debug;
		};
		30AE28A319FABBE600BE5663 /* Release */ = {
			isa = XCBuildConfiguration;
			buildSettings = {
				ALWAYS_SEARCH_USER_PATHS = NO;
				CLANG_CXX_LANGUAGE_STANDARD = "gnu++0x";
				CLANG_CXX_LIBRARY = "libc++";
				CLANG_ENABLE_MODULES = YES;
				CLANG_ENABLE_OBJC_ARC = YES;
				CLANG_WARN_BOOL_CONVERSION = YES;
				CLANG_WARN_CONSTANT_CONVERSION = YES;
				CLANG_WARN_DIRECT_OBJC_ISA_USAGE = YES_ERROR;
				CLANG_WARN_EMPTY_BODY = YES;
				CLANG_WARN_ENUM_CONVERSION = YES;
				CLANG_WARN_INT_CONVERSION = YES;
				CLANG_WARN_OBJC_ROOT_CLASS = YES_ERROR;
				CLANG_WARN__DUPLICATE_METHOD_MATCH = YES;
				"CODE_SIGN_IDENTITY[sdk=iphoneos*]" = "iPhone Developer";
				COPY_PHASE_STRIP = YES;
				ENABLE_NS_ASSERTIONS = NO;
				GCC_C_LANGUAGE_STANDARD = gnu99;
				GCC_WARN_64_TO_32_BIT_CONVERSION = YES;
				GCC_WARN_ABOUT_RETURN_TYPE = YES_ERROR;
				GCC_WARN_UNDECLARED_SELECTOR = YES;
				GCC_WARN_UNINITIALIZED_AUTOS = YES_AGGRESSIVE;
				GCC_WARN_UNUSED_FUNCTION = YES;
				GCC_WARN_UNUSED_VARIABLE = YES;
				IPHONEOS_DEPLOYMENT_TARGET = 7.1;
				SDKROOT = iphoneos;
				TARGETED_DEVICE_FAMILY = "1,2";
				VALIDATE_PRODUCT = YES;
			};
			name = Release;
		};
		30AE28A519FABBE600BE5663 /* Debug */ = {
			isa = XCBuildConfiguration;
			baseConfigurationReference = A56EC09CEE0916975C00BBEF /* Pods.debug.xcconfig */;
			buildSettings = {
				ASSETCATALOG_COMPILER_APPICON_NAME = AppIcon;
				ASSETCATALOG_COMPILER_LAUNCHIMAGE_NAME = LaunchImage;
				GCC_PRECOMPILE_PREFIX_HEADER = YES;
				GCC_PREFIX_HEADER = "AutoLayoutTests/AutoLayoutTests-Prefix.pch";
				INFOPLIST_FILE = "AutoLayoutTests/AutoLayoutTests-Info.plist";
				PRODUCT_NAME = "$(TARGET_NAME)";
				WRAPPER_EXTENSION = app;
			};
			name = Debug;
		};
		30AE28A619FABBE600BE5663 /* Release */ = {
			isa = XCBuildConfiguration;
			baseConfigurationReference = 87E0E6EB607F60FBF42060B1 /* Pods.release.xcconfig */;
			buildSettings = {
				ASSETCATALOG_COMPILER_APPICON_NAME = AppIcon;
				ASSETCATALOG_COMPILER_LAUNCHIMAGE_NAME = LaunchImage;
				GCC_PRECOMPILE_PREFIX_HEADER = YES;
				GCC_PREFIX_HEADER = "AutoLayoutTests/AutoLayoutTests-Prefix.pch";
				INFOPLIST_FILE = "AutoLayoutTests/AutoLayoutTests-Info.plist";
				PRODUCT_NAME = "$(TARGET_NAME)";
				WRAPPER_EXTENSION = app;
			};
			name = Release;
		};
		30AE28A819FABBE600BE5663 /* Debug */ = {
			isa = XCBuildConfiguration;
			buildSettings = {
				BUNDLE_LOADER = "$(BUILT_PRODUCTS_DIR)/AutoLayoutTests.app/AutoLayoutTests";
				FRAMEWORK_SEARCH_PATHS = (
					"$(SDKROOT)/Developer/Library/Frameworks",
					"$(inherited)",
					"$(DEVELOPER_FRAMEWORKS_DIR)",
				);
				GCC_PRECOMPILE_PREFIX_HEADER = YES;
				GCC_PREFIX_HEADER = "AutoLayoutTests/AutoLayoutTests-Prefix.pch";
				GCC_PREPROCESSOR_DEFINITIONS = (
					"DEBUG=1",
					"$(inherited)",
				);
				INFOPLIST_FILE = "AutoLayoutTestsTests/AutoLayoutTestsTests-Info.plist";
				PRODUCT_NAME = "$(TARGET_NAME)";
				TEST_HOST = "$(BUNDLE_LOADER)";
				WRAPPER_EXTENSION = xctest;
			};
			name = Debug;
		};
		30AE28A919FABBE600BE5663 /* Release */ = {
			isa = XCBuildConfiguration;
			buildSettings = {
				BUNDLE_LOADER = "$(BUILT_PRODUCTS_DIR)/AutoLayoutTests.app/AutoLayoutTests";
				FRAMEWORK_SEARCH_PATHS = (
					"$(SDKROOT)/Developer/Library/Frameworks",
					"$(inherited)",
					"$(DEVELOPER_FRAMEWORKS_DIR)",
				);
				GCC_PRECOMPILE_PREFIX_HEADER = YES;
				GCC_PREFIX_HEADER = "AutoLayoutTests/AutoLayoutTests-Prefix.pch";
				INFOPLIST_FILE = "AutoLayoutTestsTests/AutoLayoutTestsTests-Info.plist";
				PRODUCT_NAME = "$(TARGET_NAME)";
				TEST_HOST = "$(BUNDLE_LOADER)";
				WRAPPER_EXTENSION = xctest;
			};
			name = Release;
		};
/* End XCBuildConfiguration section */

/* Begin XCConfigurationList section */
		30AE286A19FABBE600BE5663 /* Build configuration list for PBXProject "AutoLayoutTests" */ = {
			isa = XCConfigurationList;
			buildConfigurations = (
				30AE28A219FABBE600BE5663 /* Debug */,
				30AE28A319FABBE600BE5663 /* Release */,
			);
			defaultConfigurationIsVisible = 0;
			defaultConfigurationName = Release;
		};
		30AE28A419FABBE600BE5663 /* Build configuration list for PBXNativeTarget "AutoLayoutTests" */ = {
			isa = XCConfigurationList;
			buildConfigurations = (
				30AE28A519FABBE600BE5663 /* Debug */,
				30AE28A619FABBE600BE5663 /* Release */,
			);
			defaultConfigurationIsVisible = 0;
			defaultConfigurationName = Release;
		};
		30AE28A719FABBE600BE5663 /* Build configuration list for PBXNativeTarget "AutoLayoutTestsTests" */ = {
			isa = XCConfigurationList;
			buildConfigurations = (
				30AE28A819FABBE600BE5663 /* Debug */,
				30AE28A919FABBE600BE5663 /* Release */,
			);
			defaultConfigurationIsVisible = 0;
			defaultConfigurationName = Release;
		};
/* End XCConfigurationList section */
	};
	rootObject = 30AE286719FABBE600BE5663 /* Project object */;
}
